
Microsoft Visual Studio Solution File, Format Version 12.00
# Visual Studio Version 16
VisualStudioVersion = 16.0.29905.134
MinimumVisualStudioVersion = 10.0.40219.1
Project("{FAE04EC0-301F-11D3-BF4B-00C04F79EFBC}") = "DotNetNoteCore", "DotNetNoteCore.csproj", "{0E3C0AB8-8464-4D0A-B2C3-645419995A99}"
EndProject
Global
	GlobalSection(SolutionConfigurationPlatforms) = preSolution
		Debug|Any CPU = Debug|Any CPU
		Release|Any CPU = Release|Any CPU
	EndGlobalSection
	GlobalSection(ProjectConfigurationPlatforms) = postSolution
		{0E3C0AB8-8464-4D0A-B2C3-645419995A99}.Debug|Any CPU.ActiveCfg = Debug|Any CPU
		{0E3C0AB8-8464-4D0A-B2C3-645419995A99}.Debug|Any CPU.Build.0 = Debug|Any CPU
		{0E3C0AB8-8464-4D0A-B2C3-645419995A99}.Release|Any CPU.ActiveCfg = Release|Any CPU
		{0E3C0AB8-8464-4D0A-B2C3-645419995A99}.Release|Any CPU.Build.0 = Release|Any CPU
	EndGlobalSection
	GlobalSection(SolutionProperties) = preSolution
		HideSolutionNode = FALSE
	EndGlobalSection
	GlobalSection(ExtensibilityGlobals) = postSolution
		SolutionGuid = {99066F28-F7FE-4F28-A525-D2981C1D8E81}
	EndGlobalSection
EndGlobal
